// !$*UTF8*$!
{
	archiveVersion = 1;
	classes = {
	};
	objectVersion = 50;
	objects = {

/* Begin PBXBuildFile section */
		D469E1812366FF020014366F /* AppDelegate.swift in Sources */ = {isa = PBXBuildFile; fileRef = D469E1802366FF020014366F /* AppDelegate.swift */; };
		D469E1832366FF020014366F /* SceneDelegate.swift in Sources */ = {isa = PBXBuildFile; fileRef = D469E1822366FF020014366F /* SceneDelegate.swift */; };
		D469E1852366FF020014366F /* ContentView.swift in Sources */ = {isa = PBXBuildFile; fileRef = D469E1842366FF020014366F /* ContentView.swift */; };
		D469E1872366FF040014366F /* Assets.xcassets in Resources */ = {isa = PBXBuildFile; fileRef = D469E1862366FF040014366F /* Assets.xcassets */; };
		D469E18A2366FF040014366F /* Preview Assets.xcassets in Resources */ = {isa = PBXBuildFile; fileRef = D469E1892366FF040014366F /* Preview Assets.xcassets */; };
		D469E18D2366FF040014366F /* LaunchScreen.storyboard in Resources */ = {isa = PBXBuildFile; fileRef = D469E18B2366FF040014366F /* LaunchScreen.storyboard */; };
		D4AADD44236724B200453F03 /* GestureSample.swift in Sources */ = {isa = PBXBuildFile; fileRef = D4AADD43236724B200453F03 /* GestureSample.swift */; };
/* End PBXBuildFile section */

/* Begin PBXFileReference section */
		D469E17D2366FF020014366F /* GestureSample.app */ = {isa = PBXFileReference; explicitFileType = wrapper.application; includeInIndex = 0; path = GestureSample.app; sourceTree = BUILT_PRODUCTS_DIR; };
		D469E1802366FF020014366F /* AppDelegate.swift */ = {isa = PBXFileReference; lastKnownFileType = sourcecode.swift; path = AppDelegate.swift; sourceTree = "<group>"; };
		D469E1822366FF020014366F /* SceneDelegate.swift */ = {isa = PBXFileReference; lastKnownFileType = sourcecode.swift; path = SceneDelegate.swift; sourceTree = "<group>"; };
		D469E1842366FF020014366F /* ContentView.swift */ = {isa = PBXFileReference; lastKnownFileType = sourcecode.swift; path = ContentView.swift; sourceTree = "<group>"; };
		D469E1862366FF040014366F /* Assets.xcassets */ = {isa = PBXFileReference; lastKnownFileType = folder.assetcatalog; path = Assets.xcassets; sourceTree = "<group>"; };
		D469E1892366FF040014366F /* Preview Assets.xcassets */ = {isa = PBXFileReference; lastKnownFileType = folder.assetcatalog; path = "Preview Assets.xcassets"; sourceTree = "<group>"; };
		D469E18C2366FF040014366F /* Base */ = {isa = PBXFileReference; lastKnownFileType = file.storyboard; name = Base; path = Base.lproj/LaunchScreen.storyboard; sourceTree = "<group>"; };
		D469E18E2366FF040014366F /* Info.plist */ = {isa = PBXFileReference; lastKnownFileType = text.plist.xml; path = Info.plist; sourceTree = "<group>"; };
		D4AADD43236724B200453F03 /* GestureSample.swift */ = {isa = PBXFileReference; lastKnownFileType = sourcecode.swift; path = GestureSample.swift; sourceTree = "<group>"; };
/* End PBXFileReference section */

/* Begin PBXFrameworksBuildPhase section */
		D469E17A2366FF020014366F /* Frameworks */ = {
			isa = PBXFrameworksBuildPhase;
			buildActionMask = 2147483647;
			files = (
			);
			runOnlyForDeploymentPostprocessing = 0;
		};
/* End PBXFrameworksBuildPhase section */

/* Begin PBXGroup section */
		D469E1742366FF020014366F = {
			isa = PBXGroup;
			children = (
				D469E17F2366FF020014366F /* GestureSample */,
				D469E17E2366FF020014366F /* Products */,
			);
			sourceTree = "<group>";
		};
		D469E17E2366FF020014366F /* Products */ = {
			isa = PBXGroup;
			children = (
				D469E17D2366FF020014366F /* GestureSample.app */,
			);
			name = Products;
			sourceTree = "<group>";
		};
		D469E17F2366FF020014366F /* GestureSample */ = {
			isa = PBXGroup;
			children = (
				D469E1802366FF020014366F /* AppDelegate.swift */,
				D469E1822366FF020014366F /* SceneDelegate.swift */,
				D469E1842366FF020014366F /* ContentView.swift */,
				D4AADD43236724B200453F03 /* GestureSample.swift */,
				D469E1862366FF040014366F /* Assets.xcassets */,
				D469E18B2366FF040014366F /* LaunchScreen.storyboard */,
				D469E18E2366FF040014366F /* Info.plist */,
				D469E1882366FF040014366F /* Preview Content */,
			);
			path = GestureSample;
			sourceTree = "<group>";
		};
		D469E1882366FF040014366F /* Preview Content */ = {
			isa = PBXGroup;
			children = (
				D469E1892366FF040014366F /* Preview Assets.xcassets */,
			);
			path = "Preview Content";
			sourceTree = "<group>";
		};
/* End PBXGroup section */

/* Begin PBXNativeTarget section */
		D469E17C2366FF020014366F /* GestureSample */ = {
			isa = PBXNativeTarget;
			buildConfigurationList = D469E1912366FF040014366F /* Build configuration list for PBXNativeTarget "GestureSample" */;
			buildPhases = (
				D469E1792366FF020014366F /* Sources */,
				D469E17A2366FF020014366F /* Frameworks */,
				D469E17B2366FF020014366F /* Resources */,
			);
			buildRules = (
			);
			dependencies = (
			);
			name = GestureSample;
			productName = GestureSample;
			productReference = D469E17D2366FF020014366F /* GestureSample.app */;
			productType = "com.apple.product-type.application";
		};
/* End PBXNativeTarget section */

/* Begin PBXProject section */
		D469E1752366FF020014366F /* Project object */ = {
			isa = PBXProject;
			attributes = {
				LastSwiftUpdateCheck = 1100;
				LastUpgradeCheck = 1100;
				ORGANIZATIONNAME = "Shinji Kurosawa";
				TargetAttributes = {
					D469E17C2366FF020014366F = {
						CreatedOnToolsVersion = 11.0;
					};
				};
			};
			buildConfigurationList = D469E1782366FF020014366F /* Build configuration list for PBXProject "GestureSample" */;
			compatibilityVersion = "Xcode 9.3";
			developmentRegion = en;
			hasScannedForEncodings = 0;
			knownRegions = (
				en,
				Base,
			);
			mainGroup = D469E1742366FF020014366F;
			productRefGroup = D469E17E2366FF020014366F /* Products */;
			projectDirPath = "";
			projectRoot = "";
			targets = (
				D469E17C2366FF020014366F /* GestureSample */,
			);
		};
/* End PBXProject section */

/* Begin PBXResourcesBuildPhase section */
		D469E17B2366FF020014366F /* Resources */ = {
			isa = PBXResourcesBuildPhase;
			buildActionMask = 2147483647;
			files = (
				D469E18D2366FF040014366F /* LaunchScreen.storyboard in Resources */,
				D469E18A2366FF040014366F /* Preview Assets.xcassets in Resources */,
				D469E1872366FF040014366F /* Assets.xcassets in Resources */,
			);
			runOnlyForDeploymentPostprocessing = 0;
		};
/* End PBXResourcesBuildPhase section */

/* Begin PBXSourcesBuildPhase section */
		D469E1792366FF020014366F /* Sources */ = {
			isa = PBXSourcesBuildPhase;
			buildActionMask = 2147483647;
			files = (
				D469E1812366FF020014366F /* AppDelegate.swift in Sources */,
				D469E1832366FF020014366F /* SceneDelegate.swift in Sources */,
				D469E1852366FF020014366F /* ContentView.swift in Sources */,
				D4AADD44236724B200453F03 /* GestureSample.swift in Sources */,
			);
			runOnlyForDeploymentPostprocessing = 0;
		};
/* End PBXSourcesBuildPhase section */

/* Begin PBXVariantGroup section */
		D469E18B2366FF040014366F /* LaunchScreen.storyboard */ = {
			isa = PBXVariantGroup;
			children = (
				D469E18C2366FF040014366F /* Base */,
			);
			name = LaunchScreen.storyboard;
			sourceTree = "<group>";
		};
/* End PBXVariantGroup section */

/* Begin XCBuildConfiguration section */
		D469E18F2366FF040014366F /* Debug */ = {
			isa = XCBuildConfiguration;
			buildSettings = {
				ALWAYS_SEARCH_USER_PATHS = NO;
				CLANG_ANALYZER_NONNULL = YES;
				CLANG_ANALYZER_NUMBER_OBJECT_CONVERSION = YES_AGGRESSIVE;
				CLANG_CXX_LANGUAGE_STANDARD = "gnu++14";
				CLANG_CXX_LIBRARY = "libc++";
				CLANG_ENABLE_MODULES = YES;
				CLANG_ENABLE_OBJC_ARC = YES;
				CLANG_ENABLE_OBJC_WEAK = YES;
				CLANG_WARN_BLOCK_CAPTURE_AUTORELEASING = YES;
				CLANG_WARN_BOOL_CONVERSION = YES;
				CLANG_WARN_COMMA = YES;
				CLANG_WARN_CONSTANT_CONVERSION = YES;
				CLANG_WARN_DEPRECATED_OBJC_IMPLEMENTATIONS = YES;
				CLANG_WARN_DIRECT_OBJC_ISA_USAGE = YES_ERROR;
				CLANG_WARN_DOCUMENTATION_COMMENTS = YES;
				CLANG_WARN_EMPTY_BODY = YES;
				CLANG_WARN_ENUM_CONVERSION = YES;
				CLANG_WARN_INFINITE_RECURSION = YES;
				CLANG_WARN_INT_CONVERSION = YES;
				CLANG_WARN_NON_LITERAL_NULL_CONVERSION = YES;
				CLANG_WARN_OBJC_IMPLICIT_RETAIN_SELF = YES;
				CLANG_WARN_OBJC_LITERAL_CONVERSION = YES;
				CLANG_WARN_OBJC_ROOT_CLASS = YES_ERROR;
				CLANG_WARN_RANGE_LOOP_ANALYSIS = YES;
				CLANG_WARN_STRICT_PROTOTYPES = YES;
				CLANG_WARN_SUSPICIOUS_MOVE = YES;
				CLANG_WARN_UNGUARDED_AVAILABILITY = YES_AGGRESSIVE;
				CLANG_WARN_UNREACHABLE_CODE = YES;
				CLANG_WARN__DUPLICATE_METHOD_MATCH = YES;
				COPY_PHASE_STRIP = NO;
				DEBUG_INFORMATION_FORMAT = dwarf;
				ENABLE_STRICT_OBJC_MSGSEND = YES;
				ENABLE_TESTABILITY = YES;
				GCC_C_LANGUAGE_STANDARD = gnu11;
				GCC_DYNAMIC_NO_PIC = NO;
				GCC_NO_COMMON_BLOCKS = YES;
				GCC_OPTIMIZATION_LEVEL = 0;
				GCC_PREPROCESSOR_DEFINITIONS = (
					"DEBUG=1",
					"$(inherited)",
				);
				GCC_WARN_64_TO_32_BIT_CONVERSION = YES;
				GCC_WARN_ABOUT_RETURN_TYPE = YES_ERROR;
				GCC_WARN_UNDECLARED_SELECTOR = YES;
				GCC_WARN_UNINITIALIZED_AUTOS = YES_AGGRESSIVE;
				GCC_WARN_UNUSED_FUNCTION = YES;
				GCC_WARN_UNUSED_VARIABLE = YES;
				IPHONEOS_DEPLOYMENT_TARGET = 13.0;
				MTL_ENABLE_DEBUG_INFO = INCLUDE_SOURCE;
				MTL_FAST_MATH = YES;
				ONLY_ACTIVE_ARCH = YES;
				SDKROOT = iphoneos;
				SWIFT_ACTIVE_COMPILATION_CONDITIONS = DEBUG;
				SWIFT_OPTIMIZATION_LEVEL = "-Onone";
			};
			name = Debug;
		};
		D469E1902366FF040014366F /* Release */ = {
			isa = XCBuildConfiguration;
			buildSettings = {
				ALWAYS_SEARCH_USER_PATHS = NO;
				CLANG_ANALYZER_NONNULL = YES;
				CLANG_ANALYZER_NUMBER_OBJECT_CONVERSION = YES_AGGRESSIVE;
				CLANG_CXX_LANGUAGE_STANDARD = "gnu++14";
				CLANG_CXX_LIBRARY = "libc++";
				CLANG_ENABLE_MODULES = YES;
				CLANG_ENABLE_OBJC_ARC = YES;
				CLANG_ENABLE_OBJC_WEAK = YES;
				CLANG_WARN_BLOCK_CAPTURE_AUTORELEASING = YES;
				CLANG_WARN_BOOL_CONVERSION = YES;
				CLANG_WARN_COMMA = YES;
				CLANG_WARN_CONSTANT_CONVERSION = YES;
				CLANG_WARN_DEPRECATED_OBJC_IMPLEMENTATIONS = YES;
				CLANG_WARN_DIRECT_OBJC_ISA_USAGE = YES_ERROR;
				CLANG_WARN_DOCUMENTATION_COMMENTS = YES;
				CLANG_WARN_EMPTY_BODY = YES;
				CLANG_WARN_ENUM_CONVERSION = YES;
				CLANG_WARN_INFINITE_RECURSION = YES;
				CLANG_WARN_INT_CONVERSION = YES;
				CLANG_WARN_NON_LITERAL_NULL_CONVERSION = YES;
				CLANG_WARN_OBJC_IMPLICIT_RETAIN_SELF = YES;
				CLANG_WARN_OBJC_LITERAL_CONVERSION = YES;
				CLANG_WARN_OBJC_ROOT_CLASS = YES_ERROR;
				CLANG_WARN_RANGE_LOOP_ANALYSIS = YES;
				CLANG_WARN_STRICT_PROTOTYPES = YES;
				CLANG_WARN_SUSPICIOUS_MOVE = YES;
				CLANG_WARN_UNGUARDED_AVAILABILITY = YES_AGGRESSIVE;
				CLANG_WARN_UNREACHABLE_CODE = YES;
				CLANG_WARN__DUPLICATE_METHOD_MATCH = YES;
				COPY_PHASE_STRIP = NO;
				DEBUG_INFORMATION_FORMAT = "dwarf-with-dsym";
				ENABLE_NS_ASSERTIONS = NO;
				ENABLE_STRICT_OBJC_MSGSEND = YES;
				GCC_C_LANGUAGE_STANDARD = gnu11;
				GCC_NO_COMMON_BLOCKS = YES;
				GCC_WARN_64_TO_32_BIT_CONVERSION = YES;
				GCC_WARN_ABOUT_RETURN_TYPE = YES_ERROR;
				GCC_WARN_UNDECLARED_SELECTOR = YES;
				GCC_WARN_UNINITIALIZED_AUTOS = YES_AGGRESSIVE;
				GCC_WARN_UNUSED_FUNCTION = YES;
				GCC_WARN_UNUSED_VARIABLE = YES;
				IPHONEOS_DEPLOYMENT_TARGET = 13.0;
				MTL_ENABLE_DEBUG_INFO = NO;
				MTL_FAST_MATH = YES;
				SDKROOT = iphoneos;
				SWIFT_COMPILATION_MODE = wholemodule;
				SWIFT_OPTIMIZATION_LEVEL = "-O";
				VALIDATE_PRODUCT = YES;
			};
			name = Release;
		};
		D469E1922366FF040014366F /* Debug */ = {
			isa = XCBuildConfiguration;
			buildSettings = {
				ASSETCATALOG_COMPILER_APPICON_NAME = AppIcon;
				CODE_SIGN_STYLE = Automatic;
				DEVELOPMENT_ASSET_PATHS = "\"GestureSample/Preview Content\"";
				DEVELOPMENT_TEAM = S7D5HM735C;
				ENABLE_PREVIEWS = YES;
				INFOPLIST_FILE = GestureSample/Info.plist;
				LD_RUNPATH_SEARCH_PATHS = (
					"$(inherited)",
					"@executable_path/Frameworks",
				);
				PRODUCT_BUNDLE_IDENTIFIER = com.46kuro.GestureSample;
				PRODUCT_NAME = "$(TARGET_NAME)";
				SWIFT_VERSION = 5.0;
				TARGETED_DEVICE_FAMILY = "1,2";
			};
			name = Debug;
		};
		D469E1932366FF040014366F /* Release */ = {
			isa = XCBuildConfiguration;
			buildSettings = {
				ASSETCATALOG_COMPILER_APPICON_NAME = AppIcon;
				CODE_SIGN_STYLE = Automatic;
				DEVELOPMENT_ASSET_PATHS = "\"GestureSample/Preview Content\"";
				DEVELOPMENT_TEAM = S7D5HM735C;
				ENABLE_PREVIEWS = YES;
				INFOPLIST_FILE = GestureSample/Info.plist;
				LD_RUNPATH_SEARCH_PATHS = (
					"$(inherited)",
					"@executable_path/Frameworks",
				);
				PRODUCT_BUNDLE_IDENTIFIER = com.46kuro.GestureSample;
				PRODUCT_NAME = "$(TARGET_NAME)";
				SWIFT_VERSION = 5.0;
				TARGETED_DEVICE_FAMILY = "1,2";
			};
			name = Release;
		};
/* End XCBuildConfiguration section */

/* Begin XCConfigurationList section */
		D469E1782366FF020014366F /* Build configuration list for PBXProject "GestureSample" */ = {
			isa = XCConfigurationList;
			buildConfigurations = (
				D469E18F2366FF040014366F /* Debug */,
				D469E1902366FF040014366F /* Release */,
			);
			defaultConfigurationIsVisible = 0;
			defaultConfigurationName = Release;
		};
		D469E1912366FF040014366F /* Build configuration list for PBXNativeTarget "GestureSample" */ = {
			isa = XCConfigurationList;
			buildConfigurations = (
				D469E1922366FF040014366F /* Debug */,
				D469E1932366FF040014366F /* Release */,
			);
			defaultConfigurationIsVisible = 0;
			defaultConfigurationName = Release;
		};
/* End XCConfigurationList section */
	};
	rootObject = D469E1752366FF020014366F /* Project object */;
}
